
Microsoft Visual Studio Solution File, Format Version 12.00
# Visual Studio Version 17
VisualStudioVersion = 17.5.33424.131
MinimumVisualStudioVersion = 10.0.40219.1
Project("{9A19103F-16F7-4668-BE54-9A1E7A4F7556}") = "SystemOfLinearEquationsSolvingAssistant.BL", "SystemOfLinearEquationsSolvingAssistant.BL\SystemOfLinearEquationsSolvingAssistant.BL.csproj", "{740AFDE5-E15D-47A2-B260-773E2A1EC954}"
EndProject
Project("{9A19103F-16F7-4668-BE54-9A1E7A4F7556}") = "SystemOfLinearEquationsSolvingAssistant.UI.Desktop", "SystemOfLinearEquationsSolvingAssistant.UI.Desktop\SystemOfLinearEquationsSolvingAssistant.UI.Desktop.csproj", "{ECCD047E-4670-451F-AEDE-2D6B59B5934B}"
EndProject
Project("{9A19103F-16F7-4668-BE54-9A1E7A4F7556}") = "SystemOfLinearEquationsSolvingAssistant.Dependencies", "SystemOfLinearEquationsSolvingAssistant.Dependencies\SystemOfLinearEquationsSolvingAssistant.Dependencies.csproj", "{A7EB6971-D027-4646-AC7D-9D3FE08A343A}"
EndProject
Project("{9A19103F-16F7-4668-BE54-9A1E7A4F7556}") = "SystemOfLinearEquationsSolvingAssistant.ViewModels", "SystemOfLinearEquationsSolvingAssistant.ViewModels\SystemOfLinearEquationsSolvingAssistant.ViewModels.csproj", "{4B81E1DF-0691-4FA4-A5DB-401BD7827926}"
EndProject
Project("{FAE04EC0-301F-11D3-BF4B-00C04F79EFBC}") = "SystemOfLinearEquationsSolvingAssistant.UI.Web", "SystemOfLinearEquationsSolvingAssistant.UI.Web\SystemOfLinearEquationsSolvingAssistant.UI.Web.csproj", "{B15C101C-008B-463A-B3F9-CDE57CC5F42E}"
EndProject
Global
	GlobalSection(SolutionConfigurationPlatforms) = preSolution
		Debug|Any CPU = Debug|Any CPU
		Release|Any CPU = Release|Any CPU
	EndGlobalSection
	GlobalSection(ProjectConfigurationPlatforms) = postSolution
		{740AFDE5-E15D-47A2-B260-773E2A1EC954}.Debug|Any CPU.ActiveCfg = Debug|Any CPU
		{740AFDE5-E15D-47A2-B260-773E2A1EC954}.Debug|Any CPU.Build.0 = Debug|Any CPU
		{740AFDE5-E15D-47A2-B260-773E2A1EC954}.Release|Any CPU.ActiveCfg = Release|Any CPU
		{740AFDE5-E15D-47A2-B260-773E2A1EC954}.Release|Any CPU.Build.0 = Release|Any CPU
		{ECCD047E-4670-451F-AEDE-2D6B59B5934B}.Debug|Any CPU.ActiveCfg = Debug|Any CPU
		{ECCD047E-4670-451F-AEDE-2D6B59B5934B}.Debug|Any CPU.Build.0 = Debug|Any CPU
		{ECCD047E-4670-451F-AEDE-2D6B59B5934B}.Release|Any CPU.ActiveCfg = Release|Any CPU
		{ECCD047E-4670-451F-AEDE-2D6B59B5934B}.Release|Any CPU.Build.0 = Release|Any CPU
		{A7EB6971-D027-4646-AC7D-9D3FE08A343A}.Debug|Any CPU.ActiveCfg = Debug|Any CPU
		{A7EB6971-D027-4646-AC7D-9D3FE08A343A}.Debug|Any CPU.Build.0 = Debug|Any CPU
		{A7EB6971-D027-4646-AC7D-9D3FE08A343A}.Release|Any CPU.ActiveCfg = Release|Any CPU
		{A7EB6971-D027-4646-AC7D-9D3FE08A343A}.Release|Any CPU.Build.0 = Release|Any CPU
		{4B81E1DF-0691-4FA4-A5DB-401BD7827926}.Debug|Any CPU.ActiveCfg = Debug|Any CPU
		{4B81E1DF-0691-4FA4-A5DB-401BD7827926}.Debug|Any CPU.Build.0 = Debug|Any CPU
		{4B81E1DF-0691-4FA4-A5DB-401BD7827926}.Release|Any CPU.ActiveCfg = Release|Any CPU
		{4B81E1DF-0691-4FA4-A5DB-401BD7827926}.Release|Any CPU.Build.0 = Release|Any CPU
		{B15C101C-008B-463A-B3F9-CDE57CC5F42E}.Debug|Any CPU.ActiveCfg = Debug|Any CPU
		{B15C101C-008B-463A-B3F9-CDE57CC5F42E}.Debug|Any CPU.Build.0 = Debug|Any CPU
		{B15C101C-008B-463A-B3F9-CDE57CC5F42E}.Release|Any CPU.ActiveCfg = Release|Any CPU
		{B15C101C-008B-463A-B3F9-CDE57CC5F42E}.Release|Any CPU.Build.0 = Release|Any CPU
	EndGlobalSection
	GlobalSection(SolutionProperties) = preSolution
		HideSolutionNode = FALSE
	EndGlobalSection
	GlobalSection(ExtensibilityGlobals) = postSolution
		SolutionGuid = {16D73008-BCA7-4984-A9E3-3EBCB0BBDFE4}
	EndGlobalSection
EndGlobal
